
Microsoft Visual Studio Solution File, Format Version 12.00
# Visual Studio Version 16
VisualStudioVersion = 16.0.30413.136
MinimumVisualStudioVersion = 10.0.40219.1
Project("{9A19103F-16F7-4668-BE54-9A1E7A4F7556}") = "week3App", "week3App.csproj", "{6143E46C-C72C-4297-9083-EB305A98B2CC}"
EndProject
Project("{FAE04EC0-301F-11D3-BF4B-00C04F79EFBC}") = "week3App_External", "..\week3App_External\week3App_External.csproj", "{AFE7FA0E-7E34-4C7F-AE57-F3053917215B}"
EndProject
Global
	GlobalSection(SolutionConfigurationPlatforms) = preSolution
		Debug|Any CPU = Debug|Any CPU
		Release|Any CPU = Release|Any CPU
	EndGlobalSection
	GlobalSection(ProjectConfigurationPlatforms) = postSolution
		{6143E46C-C72C-4297-9083-EB305A98B2CC}.Debug|Any CPU.ActiveCfg = Debug|Any CPU
		{6143E46C-C72C-4297-9083-EB305A98B2CC}.Debug|Any CPU.Build.0 = Debug|Any CPU
		{6143E46C-C72C-4297-9083-EB305A98B2CC}.Release|Any CPU.ActiveCfg = Release|Any CPU
		{6143E46C-C72C-4297-9083-EB305A98B2CC}.Release|Any CPU.Build.0 = Release|Any CPU
		{AFE7FA0E-7E34-4C7F-AE57-F3053917215B}.Debug|Any CPU.ActiveCfg = Debug|Any CPU
		{AFE7FA0E-7E34-4C7F-AE57-F3053917215B}.Debug|Any CPU.Build.0 = Debug|Any CPU
		{AFE7FA0E-7E34-4C7F-AE57-F3053917215B}.Release|Any CPU.ActiveCfg = Release|Any CPU
		{AFE7FA0E-7E34-4C7F-AE57-F3053917215B}.Release|Any CPU.Build.0 = Release|Any CPU
	EndGlobalSection
	GlobalSection(SolutionProperties) = preSolution
		HideSolutionNode = FALSE
	EndGlobalSection
	GlobalSection(ExtensibilityGlobals) = postSolution
		SolutionGuid = {206C929A-3899-4483-9EA9-C7670F268D33}
	EndGlobalSection
EndGlobal
